
Microsoft Visual Studio Solution File, Format Version 12.00
# Visual Studio 15
Project("{FAE04EC0-301F-11D3-BF4B-00C04F79EFBC}") = "Landsknecht", "Landsknecht.csproj", "{C67B98C0-83D2-4BC3-B111-0C732D655F27}"
EndProject
Global
	GlobalSection(SolutionConfigurationPlatforms) = preSolution
		Debug|Any CPU = Debug|Any CPU
		Release|Any CPU = Release|Any CPU
	EndGlobalSection
	GlobalSection(ProjectConfigurationPlatforms) = postSolution
		{C67B98C0-83D2-4BC3-B111-0C732D655F27}.Debug|Any CPU.ActiveCfg = Build Mod|Any CPU
		{C67B98C0-83D2-4BC3-B111-0C732D655F27}.Debug|Any CPU.Build.0 = Build Mod|Any CPU
	EndGlobalSection
	GlobalSection(MonoDevelopProperties) = preSolution
		Policies = $0
		$0.StandardHeader = $1
		outputpath = bin
	EndGlobalSection
EndGlobal
